{
    "_readme": [
        "This file locks the dependencies of your project to a known state",
        "Read more about it at https://getcomposer.org/doc/01-basic-usage.md#installing-dependencies",
        "This file is @generated automatically"
    ],
    "content-hash": "b9dc0c5781fe8f8821e3fcb0d541ae9a",
    "packages": [
        {
            "name": "jazzman/parameter-bag",
            "version": "1.0",
            "source": {
                "type": "git",
                "url": "https://github.com/Jazz-Man/parameter-bag.git",
                "reference": "11554b6b194bce03e33ed895f0af0ddf3e2ba790"
            },
            "dist": {
                "type": "zip",
                "url": "https://api.github.com/repos/Jazz-Man/parameter-bag/zipball/11554b6b194bce03e33ed895f0af0ddf3e2ba790",
                "reference": "11554b6b194bce03e33ed895f0af0ddf3e2ba790",
                "shasum": ""
            },
            "type": "library",
            "autoload": {
                "psr-4": {
                    "JazzMan\\ParameterBag\\": ""
                }
            },
            "notification-url": "https://packagist.org/downloads/",
            "license": [
                "MIT"
            ],
            "authors": [
                {
                    "name": "V.Sokolyk",
                    "email": "vsokolyk@gmail.com"
                }
            ],
            "time": "2018-10-17T19:30:04+00:00"
        },
        {
            "name": "jazzman/singleton-trait",
            "version": "1.0",
            "source": {
                "type": "git",
                "url": "https://github.com/Jazz-Man/SingletonTrait.git",
                "reference": "a88abce7defe4bc96321a4c693ba067d1067cf82"
            },
            "dist": {
                "type": "zip",
                "url": "https://api.github.com/repos/Jazz-Man/SingletonTrait/zipball/a88abce7defe4bc96321a4c693ba067d1067cf82",
                "reference": "a88abce7defe4bc96321a4c693ba067d1067cf82",
                "shasum": ""
            },
            "require": {
                "php": ">=5.6"
            },
            "type": "library",
            "autoload": {
                "psr-4": {
                    "JazzMan\\Traits\\": ""
                }
            },
            "notification-url": "https://packagist.org/downloads/",
            "license": [
                "MIT"
            ],
            "authors": [
                {
                    "name": "Vasyl Sokolyk",
                    "email": "vsokolyk@gmail.com"
                }
            ],
            "time": "2018-09-05T22:37:50+00:00"
        }
    ],
    "packages-dev": [],
    "aliases": [],
    "minimum-stability": "stable",
    "stability-flags": [],
    "prefer-stable": false,
    "prefer-lowest": false,
    "platform": [],
    "platform-dev": []
}
